{
    "version": 3,
    "terraform_version": "0.9.4",
    "serial": 43,
    "lineage": "2d4ebccd-d1e8-4060-a121-9f137c7487ee",
    "modules": [
        {
            "path": [
                "root"
            ],
            "outputs": {},
            "resources": {
                "aws_api_gateway_deployment.runcmd_deploy": {
                    "type": "aws_api_gateway_deployment",
                    "depends_on": [
                        "aws_api_gateway_integration.integration",
                        "aws_api_gateway_rest_api.runcmd_api"
                    ],
                    "primary": {
                        "id": "wzn9s1",
                        "attributes": {
                            "created_date": "2017-05-01T20:44:08Z",
                            "description": "",
                            "execution_arn": "arn:aws:execute-api:us-east-1:414252096707:mbox3kt4f3/prod",
                            "id": "wzn9s1",
                            "invoke_url": "https://mbox3kt4f3.execute-api.us-east-1.amazonaws.com/prod",
                            "rest_api_id": "mbox3kt4f3",
                            "stage_name": "prod"
                        },
                        "meta": {},
                        "tainted": false
                    },
                    "deposed": [],
                    "provider": ""
                },
                "aws_api_gateway_integration.integration": {
                    "type": "aws_api_gateway_integration",
                    "depends_on": [
                        "aws_api_gateway_method.method",
                        "aws_api_gateway_rest_api.runcmd_api",
                        "aws_lambda_function.runcmd_lambda",
                        "data.aws_region.current"
                    ],
                    "primary": {
                        "id": "agi-mbox3kt4f3-zzz6vg5w44-GET",
                        "attributes": {
                            "http_method": "GET",
                            "id": "agi-mbox3kt4f3-zzz6vg5w44-GET",
                            "integration_http_method": "POST",
                            "passthrough_behavior": "WHEN_NO_MATCH",
                            "request_parameters.%": "0",
                            "request_templates.%": "0",
                            "resource_id": "zzz6vg5w44",
                            "rest_api_id": "mbox3kt4f3",
                            "type": "AWS_PROXY",
                            "uri": "arn:aws:apigateway:us-east-1:lambda:path/2015-03-31/functions/arn:aws:lambda:us-east-1:414252096707:function:runcmd_lambda/invocations"
                        },
                        "meta": {},
                        "tainted": false
                    },
                    "deposed": [],
                    "provider": ""
                },
                "aws_api_gateway_method.method": {
                    "type": "aws_api_gateway_method",
                    "depends_on": [
                        "aws_api_gateway_rest_api.runcmd_api"
                    ],
                    "primary": {
                        "id": "agm-mbox3kt4f3-zzz6vg5w44-GET",
                        "attributes": {
                            "api_key_required": "false",
                            "authorization": "NONE",
                            "authorizer_id": "",
                            "http_method": "GET",
                            "id": "agm-mbox3kt4f3-zzz6vg5w44-GET",
                            "request_models.%": "0",
                            "request_parameters.%": "0",
                            "resource_id": "zzz6vg5w44",
                            "rest_api_id": "mbox3kt4f3"
                        },
                        "meta": {},
                        "tainted": false
                    },
                    "deposed": [],
                    "provider": ""
                },
                "aws_api_gateway_rest_api.runcmd_api": {
                    "type": "aws_api_gateway_rest_api",
                    "depends_on": [],
                    "primary": {
                        "id": "mbox3kt4f3",
                        "attributes": {
                            "binary_media_types.#": "0",
                            "created_date": "2017-05-01T20:43:52Z",
                            "description": "",
                            "id": "mbox3kt4f3",
                            "name": "runcmd_api",
                            "root_resource_id": "zzz6vg5w44"
                        },
                        "meta": {},
                        "tainted": false
                    },
                    "deposed": [],
                    "provider": ""
                },
                "aws_dynamodb_table.runcmd_commands": {
                    "type": "aws_dynamodb_table",
                    "depends_on": [],
                    "primary": {
                        "id": "runcmd-commands",
                        "attributes": {
                            "arn": "arn:aws:dynamodb:us-east-1:414252096707:table/runcmd-commands",
                            "attribute.#": "3",
                            "attribute.1506145284.name": "correct_length",
                            "attribute.1506145284.type": "N",
                            "attribute.4228504427.name": "id",
                            "attribute.4228504427.type": "S",
                            "attribute.808167173.name": "challenge_slug",
                            "attribute.808167173.type": "S",
                            "global_secondary_index.#": "1",
                            "global_secondary_index.1289694455.hash_key": "challenge_slug",
                            "global_secondary_index.1289694455.name": "challenge_slug-correct_length-index",
                            "global_secondary_index.1289694455.non_key_attributes.#": "0",
                            "global_secondary_index.1289694455.projection_type": "ALL",
                            "global_secondary_index.1289694455.range_key": "correct_length",
                            "global_secondary_index.1289694455.read_capacity": "1",
                            "global_secondary_index.1289694455.write_capacity": "1",
                            "hash_key": "id",
                            "id": "runcmd-commands",
                            "local_secondary_index.#": "0",
                            "name": "runcmd-commands",
                            "read_capacity": "1",
                            "tags.%": "2",
                            "tags.Environment": "production",
                            "tags.Name": "dynamodb-table-commands",
                            "write_capacity": "1"
                        },
                        "meta": {
                            "schema_version": "1"
                        },
                        "tainted": false
                    },
                    "deposed": [],
                    "provider": ""
                },
                "aws_dynamodb_table.runcmd_submissions": {
                    "type": "aws_dynamodb_table",
                    "depends_on": [],
                    "primary": {
                        "id": "runcmd-submissions",
                        "attributes": {
                            "arn": "arn:aws:dynamodb:us-east-1:414252096707:table/runcmd-submissions",
                            "attribute.#": "2",
                            "attribute.2203257215.name": "source_ip",
                            "attribute.2203257215.type": "S",
                            "attribute.2783701534.name": "create_time",
                            "attribute.2783701534.type": "N",
                            "global_secondary_index.#": "0",
                            "hash_key": "source_ip",
                            "id": "runcmd-submissions",
                            "local_secondary_index.#": "0",
                            "name": "runcmd-submissions",
                            "range_key": "create_time",
                            "read_capacity": "1",
                            "tags.%": "2",
                            "tags.Environment": "production",
                            "tags.Name": "dynamodb-table-submissions",
                            "write_capacity": "1"
                        },
                        "meta": {
                            "schema_version": "1"
                        },
                        "tainted": false
                    },
                    "deposed": [],
                    "provider": ""
                },
                "aws_iam_policy.runcmd_iam_policy": {
                    "type": "aws_iam_policy",
                    "depends_on": [
                        "data.aws_iam_policy_document.runcmd_policy_document"
                    ],
                    "primary": {
                        "id": "arn:aws:iam::414252096707:policy/runcmd_iam_policy",
                        "attributes": {
                            "arn": "arn:aws:iam::414252096707:policy/runcmd_iam_policy",
                            "id": "arn:aws:iam::414252096707:policy/runcmd_iam_policy",
                            "name": "runcmd_iam_policy",
                            "path": "/",
                            "policy": "{\n  \"Version\": \"2012-10-17\",\n  \"Statement\": [\n    {\n      \"Sid\": \"1\",\n      \"Effect\": \"Allow\",\n      \"Action\": \"logs:*\",\n      \"Resource\": \"arn:aws:logs:*:*:*\"\n    },\n    {\n      \"Sid\": \"\",\n      \"Effect\": \"Allow\",\n      \"Action\": \"dynamodb:*\",\n      \"Resource\": \"arn:aws:dynamodb:us-east-1:*:table/runcmd-submissions\"\n    },\n    {\n      \"Sid\": \"\",\n      \"Effect\": \"Allow\",\n      \"Action\": \"dynamodb:*\",\n      \"Resource\": \"arn:aws:dynamodb:us-east-1:*:table/runcmd-commands\"\n    },\n    {\n      \"Sid\": \"\",\n      \"Effect\": \"Allow\",\n      \"Action\": \"sns:*\",\n      \"Resource\": \"arn:aws:sns:*:*:*\"\n    }\n  ]\n}"
                        },
                        "meta": {},
                        "tainted": false
                    },
                    "deposed": [],
                    "provider": ""
                },
                "aws_iam_role.runcmd_iam_role": {
                    "type": "aws_iam_role",
                    "depends_on": [
                        "data.aws_iam_policy_document.lambda_assume_role_policy"
                    ],
                    "primary": {
                        "id": "terraform-009b4283bc7bcb7090a187bb8f",
                        "attributes": {
                            "arn": "arn:aws:iam::414252096707:role/terraform-009b4283bc7bcb7090a187bb8f",
                            "assume_role_policy": "{\"Version\":\"2012-10-17\",\"Statement\":[{\"Sid\":\"\",\"Effect\":\"Allow\",\"Principal\":{\"Service\":\"lambda.amazonaws.com\"},\"Action\":\"sts:AssumeRole\"}]}",
                            "create_date": "2017-05-01T20:43:51Z",
                            "id": "terraform-009b4283bc7bcb7090a187bb8f",
                            "name": "terraform-009b4283bc7bcb7090a187bb8f",
                            "path": "/",
                            "unique_id": "AROAJNAKKMH43IV5XGE7G"
                        },
                        "meta": {},
                        "tainted": false
                    },
                    "deposed": [],
                    "provider": ""
                },
                "aws_iam_role_policy_attachment.runcmd_iam_attach": {
                    "type": "aws_iam_role_policy_attachment",
                    "depends_on": [
                        "aws_iam_policy.runcmd_iam_policy",
                        "aws_iam_role.runcmd_iam_role"
                    ],
                    "primary": {
                        "id": "terraform-009b4283bc7bcb7090a187bb8f-009b4283bc7bcb7090a187bb90",
                        "attributes": {
                            "id": "terraform-009b4283bc7bcb7090a187bb8f-009b4283bc7bcb7090a187bb90",
                            "policy_arn": "arn:aws:iam::414252096707:policy/runcmd_iam_policy",
                            "role": "terraform-009b4283bc7bcb7090a187bb8f"
                        },
                        "meta": {},
                        "tainted": false
                    },
                    "deposed": [],
                    "provider": ""
                },
                "aws_lambda_function.runcmd_lambda": {
                    "type": "aws_lambda_function",
                    "depends_on": [
                        "aws_dynamodb_table.runcmd_commands",
                        "aws_dynamodb_table.runcmd_submissions",
                        "aws_iam_role.runcmd_iam_role",
                        "data.archive_file.lambda_runcmd_zip"
                    ],
                    "primary": {
                        "id": "runcmd_lambda",
                        "attributes": {
                            "arn": "arn:aws:lambda:us-east-1:414252096707:function:runcmd_lambda",
                            "dead_letter_config.#": "0",
                            "description": "Lambda function for runcmd - Managed by Terraform",
                            "environment.#": "1",
                            "environment.0.variables.%": "2",
                            "environment.0.variables.COMMANDS_TABLE_NAME": "runcmd-commands",
                            "environment.0.variables.SUBMISSIONS_TABLE_NAME": "runcmd-submissions",
                            "filename": "lambda-runcmd.zip",
                            "function_name": "runcmd_lambda",
                            "handler": "runcmd.handler",
                            "id": "runcmd_lambda",
                            "invoke_arn": "arn:aws:apigateway:us-east-1:lambda:path/2015-03-31/functions/arn:aws:lambda:us-east-1:414252096707:function:runcmd_lambda/invocations",
                            "kms_key_arn": "",
                            "last_modified": "2017-05-01T21:13:13.309+0000",
                            "memory_size": "128",
                            "publish": "false",
                            "qualified_arn": "arn:aws:lambda:us-east-1:414252096707:function:runcmd_lambda:$LATEST",
                            "role": "arn:aws:iam::414252096707:role/terraform-009b4283bc7bcb7090a187bb8f",
                            "runtime": "python2.7",
                            "source_code_hash": "GM5irLFjENhqeY6syZ0+ccLQNomciKJtM6/RW70BMcI=",
                            "tags.%": "0",
                            "timeout": "20",
                            "version": "$LATEST",
                            "vpc_config.#": "0"
                        },
                        "meta": {},
                        "tainted": false
                    },
                    "deposed": [],
                    "provider": ""
                },
                "aws_lambda_permission.apigw_lambda": {
                    "type": "aws_lambda_permission",
                    "depends_on": [
                        "aws_api_gateway_method.method",
                        "aws_api_gateway_rest_api.runcmd_api",
                        "aws_lambda_function.runcmd_lambda",
                        "data.aws_caller_identity.current",
                        "data.aws_region.current"
                    ],
                    "primary": {
                        "id": "AllowExecutionFromAPIGateway",
                        "attributes": {
                            "action": "lambda:InvokeFunction",
                            "function_name": "arn:aws:lambda:us-east-1:414252096707:function:runcmd_lambda",
                            "id": "AllowExecutionFromAPIGateway",
                            "principal": "apigateway.amazonaws.com",
                            "qualifier": "",
                            "source_arn": "arn:aws:execute-api:us-east-1:414252096707:mbox3kt4f3/*/GET/",
                            "statement_id": "AllowExecutionFromAPIGateway"
                        },
                        "meta": {},
                        "tainted": false
                    },
                    "deposed": [],
                    "provider": ""
                },
                "data.archive_file.lambda_runcmd_zip": {
                    "type": "archive_file",
                    "depends_on": [],
                    "primary": {
                        "id": "208f2ec6945058fce88a7fcfe62544cdc25cb899",
                        "attributes": {
                            "id": "208f2ec6945058fce88a7fcfe62544cdc25cb899",
                            "output_base64sha256": "GM5irLFjENhqeY6syZ0+ccLQNomciKJtM6/RW70BMcI=",
                            "output_md5": "6a4c24e364a0eb7882775178084a75f4",
                            "output_path": "lambda-runcmd.zip",
                            "output_sha": "208f2ec6945058fce88a7fcfe62544cdc25cb899",
                            "output_size": "954447",
                            "source.#": "0",
                            "source_dir": "lambda_src/runcmd",
                            "type": "zip"
                        },
                        "meta": {},
                        "tainted": false
                    },
                    "deposed": [],
                    "provider": ""
                },
                "data.aws_caller_identity.current": {
                    "type": "aws_caller_identity",
                    "depends_on": [],
                    "primary": {
                        "id": "2017-05-01 21:13:02.191800743 +0000 UTC",
                        "attributes": {
                            "account_id": "414252096707",
                            "arn": "arn:aws:iam::414252096707:user/ratetheinterview",
                            "id": "2017-05-01 21:13:02.191800743 +0000 UTC",
                            "user_id": "AIDAIS4ES6X5SXQAZWJLQ"
                        },
                        "meta": {},
                        "tainted": false
                    },
                    "deposed": [],
                    "provider": ""
                },
                "data.aws_iam_policy_document.lambda_assume_role_policy": {
                    "type": "aws_iam_policy_document",
                    "depends_on": [],
                    "primary": {
                        "id": "3693445097",
                        "attributes": {
                            "id": "3693445097",
                            "json": "{\n  \"Version\": \"2012-10-17\",\n  \"Statement\": [\n    {\n      \"Sid\": \"\",\n      \"Effect\": \"Allow\",\n      \"Action\": \"sts:AssumeRole\",\n      \"Principal\": {\n        \"Service\": \"lambda.amazonaws.com\"\n      }\n    }\n  ]\n}",
                            "statement.#": "1",
                            "statement.0.actions.#": "1",
                            "statement.0.actions.2528466339": "sts:AssumeRole",
                            "statement.0.condition.#": "0",
                            "statement.0.effect": "Allow",
                            "statement.0.not_actions.#": "0",
                            "statement.0.not_principals.#": "0",
                            "statement.0.not_resources.#": "0",
                            "statement.0.principals.#": "1",
                            "statement.0.principals.3118762561.identifiers.#": "1",
                            "statement.0.principals.3118762561.identifiers.2638019528": "lambda.amazonaws.com",
                            "statement.0.principals.3118762561.type": "Service",
                            "statement.0.resources.#": "0",
                            "statement.0.sid": ""
                        },
                        "meta": {},
                        "tainted": false
                    },
                    "deposed": [],
                    "provider": ""
                },
                "data.aws_iam_policy_document.runcmd_policy_document": {
                    "type": "aws_iam_policy_document",
                    "depends_on": [
                        "aws_dynamodb_table.runcmd_commands",
                        "aws_dynamodb_table.runcmd_submissions"
                    ],
                    "primary": {
                        "id": "3493557682",
                        "attributes": {
                            "id": "3493557682",
                            "json": "{\n  \"Version\": \"2012-10-17\",\n  \"Statement\": [\n    {\n      \"Sid\": \"1\",\n      \"Effect\": \"Allow\",\n      \"Action\": \"logs:*\",\n      \"Resource\": \"arn:aws:logs:*:*:*\"\n    },\n    {\n      \"Sid\": \"\",\n      \"Effect\": \"Allow\",\n      \"Action\": \"dynamodb:*\",\n      \"Resource\": \"arn:aws:dynamodb:us-east-1:*:table/runcmd-submissions\"\n    },\n    {\n      \"Sid\": \"\",\n      \"Effect\": \"Allow\",\n      \"Action\": \"dynamodb:*\",\n      \"Resource\": \"arn:aws:dynamodb:us-east-1:*:table/runcmd-commands\"\n    },\n    {\n      \"Sid\": \"\",\n      \"Effect\": \"Allow\",\n      \"Action\": \"sns:*\",\n      \"Resource\": \"arn:aws:sns:*:*:*\"\n    }\n  ]\n}",
                            "statement.#": "4",
                            "statement.0.actions.#": "1",
                            "statement.0.actions.2380047621": "logs:*",
                            "statement.0.condition.#": "0",
                            "statement.0.effect": "Allow",
                            "statement.0.not_actions.#": "0",
                            "statement.0.not_principals.#": "0",
                            "statement.0.not_resources.#": "0",
                            "statement.0.principals.#": "0",
                            "statement.0.resources.#": "1",
                            "statement.0.resources.162423377": "arn:aws:logs:*:*:*",
                            "statement.0.sid": "1",
                            "statement.1.actions.#": "1",
                            "statement.1.actions.284441586": "dynamodb:*",
                            "statement.1.condition.#": "0",
                            "statement.1.effect": "Allow",
                            "statement.1.not_actions.#": "0",
                            "statement.1.not_principals.#": "0",
                            "statement.1.not_resources.#": "0",
                            "statement.1.principals.#": "0",
                            "statement.1.resources.#": "1",
                            "statement.1.resources.966918313": "arn:aws:dynamodb:us-east-1:*:table/runcmd-submissions",
                            "statement.1.sid": "",
                            "statement.2.actions.#": "1",
                            "statement.2.actions.284441586": "dynamodb:*",
                            "statement.2.condition.#": "0",
                            "statement.2.effect": "Allow",
                            "statement.2.not_actions.#": "0",
                            "statement.2.not_principals.#": "0",
                            "statement.2.not_resources.#": "0",
                            "statement.2.principals.#": "0",
                            "statement.2.resources.#": "1",
                            "statement.2.resources.2581124471": "arn:aws:dynamodb:us-east-1:*:table/runcmd-commands",
                            "statement.2.sid": "",
                            "statement.3.actions.#": "1",
                            "statement.3.actions.2489343448": "sns:*",
                            "statement.3.condition.#": "0",
                            "statement.3.effect": "Allow",
                            "statement.3.not_actions.#": "0",
                            "statement.3.not_principals.#": "0",
                            "statement.3.not_resources.#": "0",
                            "statement.3.principals.#": "0",
                            "statement.3.resources.#": "1",
                            "statement.3.resources.4035155993": "arn:aws:sns:*:*:*",
                            "statement.3.sid": ""
                        },
                        "meta": {},
                        "tainted": false
                    },
                    "deposed": [],
                    "provider": ""
                },
                "data.aws_region.current": {
                    "type": "aws_region",
                    "depends_on": [],
                    "primary": {
                        "id": "us-east-1",
                        "attributes": {
                            "current": "true",
                            "endpoint": "ec2.us-east-1.amazonaws.com",
                            "id": "us-east-1",
                            "name": "us-east-1"
                        },
                        "meta": {},
                        "tainted": false
                    },
                    "deposed": [],
                    "provider": ""
                }
            },
            "depends_on": []
        }
    ]
}
